
Microsoft Visual Studio Solution File, Format Version 12.00
# Visual Studio Version 17
VisualStudioVersion = 17.0.31903.59
MinimumVisualStudioVersion = 10.0.40219.1
Project("{2150E333-8FDC-42A3-9474-1A3956D46DE8}") = "src", "src", "{77DABBDD-F0AD-402E-B5E4-3CFF9E658E3B}"
EndProject
Project("{2150E333-8FDC-42A3-9474-1A3956D46DE8}") = "Backend", "Backend", "{F68A0D5C-08D0-DD7D-09A7-BFEA164037F5}"
EndProject
Project("{FAE04EC0-301F-11D3-BF4B-00C04F79EFBC}") = "Apis", "src\Backend\Apis\Apis.csproj", "{ED73FD82-9DFC-45A0-95B9-43BDDA56B6D0}"
EndProject
Project("{2150E333-8FDC-42A3-9474-1A3956D46DE8}") = "MobileApp", "MobileApp", "{EA53CA1A-5A86-6F30-F7BA-0F9D8B4BEA83}"
EndProject
Project("{2150E333-8FDC-42A3-9474-1A3956D46DE8}") = "Core", "Core", "{F7DCD5B6-AFD9-5B64-9FF0-8F7FA8B705C1}"
EndProject
Project("{FAE04EC0-301F-11D3-BF4B-00C04F79EFBC}") = "Models", "src\Core\Models\Models.csproj", "{9D2ABD38-5D58-48CC-BFDC-DEF19E354F7A}"
EndProject
Project("{FAE04EC0-301F-11D3-BF4B-00C04F79EFBC}") = "Repositories", "src\Core\Repositories\Repositories.csproj", "{12440831-E4CE-4200-8A22-434802E39523}"
EndProject
Project("{FAE04EC0-301F-11D3-BF4B-00C04F79EFBC}") = "Services", "src\Core\Services\Services.csproj", "{6BDC37F5-6C71-45A8-9AD9-F15E4DC3737C}"
EndProject
Project("{FAE04EC0-301F-11D3-BF4B-00C04F79EFBC}") = "Logic", "src\Core\Logic\Logic.csproj", "{05D79968-C3DD-4469-8EF9-ADF0BDDA282E}"
EndProject
Global
	GlobalSection(SolutionConfigurationPlatforms) = preSolution
		Debug|Any CPU = Debug|Any CPU
		Release|Any CPU = Release|Any CPU
	EndGlobalSection
	GlobalSection(ProjectConfigurationPlatforms) = postSolution
		{ED73FD82-9DFC-45A0-95B9-43BDDA56B6D0}.Debug|Any CPU.ActiveCfg = Debug|Any CPU
		{ED73FD82-9DFC-45A0-95B9-43BDDA56B6D0}.Debug|Any CPU.Build.0 = Debug|Any CPU
		{ED73FD82-9DFC-45A0-95B9-43BDDA56B6D0}.Release|Any CPU.ActiveCfg = Release|Any CPU
		{ED73FD82-9DFC-45A0-95B9-43BDDA56B6D0}.Release|Any CPU.Build.0 = Release|Any CPU
		{9D2ABD38-5D58-48CC-BFDC-DEF19E354F7A}.Debug|Any CPU.ActiveCfg = Debug|Any CPU
		{9D2ABD38-5D58-48CC-BFDC-DEF19E354F7A}.Debug|Any CPU.Build.0 = Debug|Any CPU
		{9D2ABD38-5D58-48CC-BFDC-DEF19E354F7A}.Release|Any CPU.ActiveCfg = Release|Any CPU
		{9D2ABD38-5D58-48CC-BFDC-DEF19E354F7A}.Release|Any CPU.Build.0 = Release|Any CPU
		{12440831-E4CE-4200-8A22-434802E39523}.Debug|Any CPU.ActiveCfg = Debug|Any CPU
		{12440831-E4CE-4200-8A22-434802E39523}.Debug|Any CPU.Build.0 = Debug|Any CPU
		{12440831-E4CE-4200-8A22-434802E39523}.Release|Any CPU.ActiveCfg = Release|Any CPU
		{12440831-E4CE-4200-8A22-434802E39523}.Release|Any CPU.Build.0 = Release|Any CPU
		{6BDC37F5-6C71-45A8-9AD9-F15E4DC3737C}.Debug|Any CPU.ActiveCfg = Debug|Any CPU
		{6BDC37F5-6C71-45A8-9AD9-F15E4DC3737C}.Debug|Any CPU.Build.0 = Debug|Any CPU
		{6BDC37F5-6C71-45A8-9AD9-F15E4DC3737C}.Release|Any CPU.ActiveCfg = Release|Any CPU
		{6BDC37F5-6C71-45A8-9AD9-F15E4DC3737C}.Release|Any CPU.Build.0 = Release|Any CPU
		{05D79968-C3DD-4469-8EF9-ADF0BDDA282E}.Debug|Any CPU.ActiveCfg = Debug|Any CPU
		{05D79968-C3DD-4469-8EF9-ADF0BDDA282E}.Debug|Any CPU.Build.0 = Debug|Any CPU
		{05D79968-C3DD-4469-8EF9-ADF0BDDA282E}.Release|Any CPU.ActiveCfg = Release|Any CPU
		{05D79968-C3DD-4469-8EF9-ADF0BDDA282E}.Release|Any CPU.Build.0 = Release|Any CPU
	EndGlobalSection
	GlobalSection(SolutionProperties) = preSolution
		HideSolutionNode = FALSE
	EndGlobalSection
	GlobalSection(NestedProjects) = preSolution
		{F68A0D5C-08D0-DD7D-09A7-BFEA164037F5} = {77DABBDD-F0AD-402E-B5E4-3CFF9E658E3B}
		{ED73FD82-9DFC-45A0-95B9-43BDDA56B6D0} = {F68A0D5C-08D0-DD7D-09A7-BFEA164037F5}
		{EA53CA1A-5A86-6F30-F7BA-0F9D8B4BEA83} = {77DABBDD-F0AD-402E-B5E4-3CFF9E658E3B}
		{F7DCD5B6-AFD9-5B64-9FF0-8F7FA8B705C1} = {77DABBDD-F0AD-402E-B5E4-3CFF9E658E3B}
		{9D2ABD38-5D58-48CC-BFDC-DEF19E354F7A} = {F7DCD5B6-AFD9-5B64-9FF0-8F7FA8B705C1}
		{12440831-E4CE-4200-8A22-434802E39523} = {F7DCD5B6-AFD9-5B64-9FF0-8F7FA8B705C1}
		{6BDC37F5-6C71-45A8-9AD9-F15E4DC3737C} = {F7DCD5B6-AFD9-5B64-9FF0-8F7FA8B705C1}
		{05D79968-C3DD-4469-8EF9-ADF0BDDA282E} = {F7DCD5B6-AFD9-5B64-9FF0-8F7FA8B705C1}
	EndGlobalSection
EndGlobal
